
Microsoft Visual Studio Solution File, Format Version 12.00
# Visual Studio Version 16
VisualStudioVersion = 16.0.30907.101
MinimumVisualStudioVersion = 10.0.40219.1
Project("{FAE04EC0-301F-11D3-BF4B-00C04F79EFBC}") = "DateTimeDataType", "DateTimeDataType\DateTimeDataType.csproj", "{306802E5-CAB7-4359-96F5-F6240DB1B53C}"
EndProject
Global
	GlobalSection(SolutionConfigurationPlatforms) = preSolution
		Debug|Any CPU = Debug|Any CPU
		Release|Any CPU = Release|Any CPU
	EndGlobalSection
	GlobalSection(ProjectConfigurationPlatforms) = postSolution
		{306802E5-CAB7-4359-96F5-F6240DB1B53C}.Debug|Any CPU.ActiveCfg = Debug|Any CPU
		{306802E5-CAB7-4359-96F5-F6240DB1B53C}.Debug|Any CPU.Build.0 = Debug|Any CPU
		{306802E5-CAB7-4359-96F5-F6240DB1B53C}.Release|Any CPU.ActiveCfg = Release|Any CPU
		{306802E5-CAB7-4359-96F5-F6240DB1B53C}.Release|Any CPU.Build.0 = Release|Any CPU
	EndGlobalSection
	GlobalSection(SolutionProperties) = preSolution
		HideSolutionNode = FALSE
	EndGlobalSection
	GlobalSection(ExtensibilityGlobals) = postSolution
		SolutionGuid = {CFEDC07E-75CE-4F38-BB4E-B89E59AAA4D0}
	EndGlobalSection
EndGlobal
